// !$*UTF8*$!
{
	archiveVersion = 1;
	classes = {
	};
	objectVersion = 46;
	objects = {

/* Begin PBXBuildFile section */
		AF29592E1D7BB33700C880E7 /* HJReadConfigureManger.swift in Sources */ = {isa = PBXBuildFile; fileRef = AF2959111D7BB33700C880E7 /* HJReadConfigureManger.swift */; };
		AF29592F1D7BB33700C880E7 /* HJReadPageController.swift in Sources */ = {isa = PBXBuildFile; fileRef = AF2959121D7BB33700C880E7 /* HJReadPageController.swift */; };
		AF2959301D7BB33700C880E7 /* HJReadPageDataConfigure.swift in Sources */ = {isa = PBXBuildFile; fileRef = AF2959131D7BB33700C880E7 /* HJReadPageDataConfigure.swift */; };
		AF2959311D7BB33700C880E7 /* HJReadParser.swift in Sources */ = {isa = PBXBuildFile; fileRef = AF2959141D7BB33700C880E7 /* HJReadParser.swift */; };
		AF2959321D7BB33700C880E7 /* HJReadSetup.swift in Sources */ = {isa = PBXBuildFile; fileRef = AF2959151D7BB33700C880E7 /* HJReadSetup.swift */; };
		AF2959331D7BB33700C880E7 /* HJReadUI.swift in Sources */ = {isa = PBXBuildFile; fileRef = AF2959161D7BB33700C880E7 /* HJReadUI.swift */; };
		AF2959341D7BB33700C880E7 /* HJReadViewController.swift in Sources */ = {isa = PBXBuildFile; fileRef = AF2959171D7BB33700C880E7 /* HJReadViewController.swift */; };
		AF2959381D7BB33700C880E7 /* HJReadChapterListModel.swift in Sources */ = {isa = PBXBuildFile; fileRef = AF29591C1D7BB33700C880E7 /* HJReadChapterListModel.swift */; };
		AF2959391D7BB33700C880E7 /* HJReadChapterModel.swift in Sources */ = {isa = PBXBuildFile; fileRef = AF29591D1D7BB33700C880E7 /* HJReadChapterModel.swift */; };
		AF29593A1D7BB33700C880E7 /* HJReadModel.swift in Sources */ = {isa = PBXBuildFile; fileRef = AF29591E1D7BB33700C880E7 /* HJReadModel.swift */; };
		AF29593B1D7BB33700C880E7 /* HJReadRecord.swift in Sources */ = {isa = PBXBuildFile; fileRef = AF29591F1D7BB33700C880E7 /* HJReadRecord.swift */; };
		AF29593C1D7BB33700C880E7 /* HJReadBottomView.swift in Sources */ = {isa = PBXBuildFile; fileRef = AF2959211D7BB33700C880E7 /* HJReadBottomView.swift */; };
		AF29593D1D7BB33700C880E7 /* HJReadLeftHeaderView.swift in Sources */ = {isa = PBXBuildFile; fileRef = AF2959221D7BB33700C880E7 /* HJReadLeftHeaderView.swift */; };
		AF29593E1D7BB33700C880E7 /* HJReadLeftView.swift in Sources */ = {isa = PBXBuildFile; fileRef = AF2959231D7BB33700C880E7 /* HJReadLeftView.swift */; };
		AF29593F1D7BB33700C880E7 /* HJReadLeftViewCell.swift in Sources */ = {isa = PBXBuildFile; fileRef = AF2959241D7BB33700C880E7 /* HJReadLeftViewCell.swift */; };
		AF2959401D7BB33700C880E7 /* HJReadLightView.swift in Sources */ = {isa = PBXBuildFile; fileRef = AF2959251D7BB33700C880E7 /* HJReadLightView.swift */; };
		AF2959411D7BB33700C880E7 /* HJReadSettingColorView.swift in Sources */ = {isa = PBXBuildFile; fileRef = AF2959261D7BB33700C880E7 /* HJReadSettingColorView.swift */; };
		AF2959421D7BB33700C880E7 /* HJReadSettingCustomView.swift in Sources */ = {isa = PBXBuildFile; fileRef = AF2959271D7BB33700C880E7 /* HJReadSettingCustomView.swift */; };
		AF2959431D7BB33700C880E7 /* HJReadSettingFlipEffectView.swift in Sources */ = {isa = PBXBuildFile; fileRef = AF2959281D7BB33700C880E7 /* HJReadSettingFlipEffectView.swift */; };
		AF2959441D7BB33700C880E7 /* HJReadSettingFontSizeView.swift in Sources */ = {isa = PBXBuildFile; fileRef = AF2959291D7BB33700C880E7 /* HJReadSettingFontSizeView.swift */; };
		AF2959451D7BB33700C880E7 /* HJReadSettingFontView.swift in Sources */ = {isa = PBXBuildFile; fileRef = AF29592A1D7BB33700C880E7 /* HJReadSettingFontView.swift */; };
		AF2959461D7BB33700C880E7 /* HJReadSettingView.swift in Sources */ = {isa = PBXBuildFile; fileRef = AF29592B1D7BB33700C880E7 /* HJReadSettingView.swift */; };
		AF2959471D7BB33700C880E7 /* HJReadView.swift in Sources */ = {isa = PBXBuildFile; fileRef = AF29592C1D7BB33700C880E7 /* HJReadView.swift */; };
		AF2959481D7BB33700C880E7 /* HJReadViewCell.swift in Sources */ = {isa = PBXBuildFile; fileRef = AF29592D1D7BB33700C880E7 /* HJReadViewCell.swift */; };
		AF29594A1D7BB4AC00C880E7 /* HJTableViewController.swift in Sources */ = {isa = PBXBuildFile; fileRef = AF2959491D7BB4AC00C880E7 /* HJTableViewController.swift */; };
		AF29594C1D7BB4CF00C880E7 /* HJTableView.swift in Sources */ = {isa = PBXBuildFile; fileRef = AF29594B1D7BB4CF00C880E7 /* HJTableView.swift */; };
		AF29594E1D7BB50700C880E7 /* HJNavigationController.swift in Sources */ = {isa = PBXBuildFile; fileRef = AF29594D1D7BB50700C880E7 /* HJNavigationController.swift */; };
		AF30BCDE1D7FAF79006390AC /* HJReadBottomStatusView.swift in Sources */ = {isa = PBXBuildFile; fileRef = AF30BCDD1D7FAF79006390AC /* HJReadBottomStatusView.swift */; };
		AF33A0601D7FEA61007B79EE /* HJBatteryView.swift in Sources */ = {isa = PBXBuildFile; fileRef = AF33A05F1D7FEA61007B79EE /* HJBatteryView.swift */; };
		AF6964C71D76CA9F005FF098 /* DZMeBookReadTests.swift in Sources */ = {isa = PBXBuildFile; fileRef = AF6964C61D76CA9F005FF098 /* DZMeBookReadTests.swift */; };
		AF6964D21D76CA9F005FF098 /* DZMeBookReadUITests.swift in Sources */ = {isa = PBXBuildFile; fileRef = AF6964D11D76CA9F005FF098 /* DZMeBookReadUITests.swift */; };
		AF69654F1D76CF1C005FF098 /* 求魔.txt in Resources */ = {isa = PBXBuildFile; fileRef = AF69654D1D76CF1C005FF098 /* 求魔.txt */; };
		AF6965501D76CF1C005FF098 /* mdjyml.txt in Resources */ = {isa = PBXBuildFile; fileRef = AF69654E1D76CF1C005FF098 /* mdjyml.txt */; };
		AFA682EC1D76D31800870EBF /* NSObject+Extension.swift in Sources */ = {isa = PBXBuildFile; fileRef = AFA682B31D76D31800870EBF /* NSObject+Extension.swift */; };
		AFA682ED1D76D31800870EBF /* String+Extension.swift in Sources */ = {isa = PBXBuildFile; fileRef = AFA682B41D76D31800870EBF /* String+Extension.swift */; };
		AFA682EE1D76D31800870EBF /* UIBarButtonItem+Extension.swift in Sources */ = {isa = PBXBuildFile; fileRef = AFA682B51D76D31800870EBF /* UIBarButtonItem+Extension.swift */; };
		AFA682EF1D76D31800870EBF /* UIFont+Extension.swift in Sources */ = {isa = PBXBuildFile; fileRef = AFA682B61D76D31800870EBF /* UIFont+Extension.swift */; };
		AFA682F01D76D31800870EBF /* UIImage+Extension.swift in Sources */ = {isa = PBXBuildFile; fileRef = AFA682B71D76D31800870EBF /* UIImage+Extension.swift */; };
		AFA682F11D76D31800870EBF /* UIScrollView+Extension.swift in Sources */ = {isa = PBXBuildFile; fileRef = AFA682B81D76D31800870EBF /* UIScrollView+Extension.swift */; };
		AFA682F21D76D31800870EBF /* UIView+Extension.swift in Sources */ = {isa = PBXBuildFile; fileRef = AFA682B91D76D31800870EBF /* UIView+Extension.swift */; };
		AFA682F31D76D31800870EBF /* HJAttrOne.swift in Sources */ = {isa = PBXBuildFile; fileRef = AFA682BB1D76D31800870EBF /* HJAttrOne.swift */; };
		AFA682F41D76D31800870EBF /* HJAttrTwo.swift in Sources */ = {isa = PBXBuildFile; fileRef = AFA682BC1D76D31800870EBF /* HJAttrTwo.swift */; };
		AFA682F71D76D31800870EBF /* HJEnum.swift in Sources */ = {isa = PBXBuildFile; fileRef = AFA682BF1D76D31800870EBF /* HJEnum.swift */; };
		AFA682F81D76D31800870EBF /* HJFuncOne.swift in Sources */ = {isa = PBXBuildFile; fileRef = AFA682C01D76D31800870EBF /* HJFuncOne.swift */; };
		AFA682F91D76D31800870EBF /* HJFuncTwo.swift in Sources */ = {isa = PBXBuildFile; fileRef = AFA682C11D76D31800870EBF /* HJFuncTwo.swift */; };
		AFA682FA1D76D31800870EBF /* HJManager.swift in Sources */ = {isa = PBXBuildFile; fileRef = AFA682C21D76D31800870EBF /* HJManager.swift */; };
		AFA682FC1D76D31800870EBF /* HJUIFuncOne.swift in Sources */ = {isa = PBXBuildFile; fileRef = AFA682C41D76D31800870EBF /* HJUIFuncOne.swift */; };
		AFA682FD1D76D31800870EBF /* HJUserDefaults.swift in Sources */ = {isa = PBXBuildFile; fileRef = AFA682C51D76D31800870EBF /* HJUserDefaults.swift */; };
		AFA682FE1D76D31800870EBF /* HJViewController.swift in Sources */ = {isa = PBXBuildFile; fileRef = AFA682C61D76D31800870EBF /* HJViewController.swift */; };
		AFA683171D76D31800870EBF /* MBProgressHUD+DZM.m in Sources */ = {isa = PBXBuildFile; fileRef = AFA682E81D76D31800870EBF /* MBProgressHUD+DZM.m */; };
		AFA683181D76D31800870EBF /* MBProgressHUD.bundle in Resources */ = {isa = PBXBuildFile; fileRef = AFA682E91D76D31800870EBF /* MBProgressHUD.bundle */; };
		AFA683191D76D31800870EBF /* MBProgressHUD.m in Sources */ = {isa = PBXBuildFile; fileRef = AFA682EB1D76D31800870EBF /* MBProgressHUD.m */; };
		AFA683221D76D33500870EBF /* AppDelegate.swift in Sources */ = {isa = PBXBuildFile; fileRef = AFA6831A1D76D33500870EBF /* AppDelegate.swift */; };
		AFA683231D76D33500870EBF /* Assets.xcassets in Resources */ = {isa = PBXBuildFile; fileRef = AFA6831B1D76D33500870EBF /* Assets.xcassets */; };
		AFA683241D76D33500870EBF /* LaunchScreen.storyboard in Resources */ = {isa = PBXBuildFile; fileRef = AFA6831D1D76D33500870EBF /* LaunchScreen.storyboard */; };
		AFA683251D76D33500870EBF /* HJMainViewController.swift in Sources */ = {isa = PBXBuildFile; fileRef = AFA683201D76D33500870EBF /* HJMainViewController.swift */; };
		AFA683261D76D33500870EBF /* Info.plist in Resources */ = {isa = PBXBuildFile; fileRef = AFA683211D76D33500870EBF /* Info.plist */; };
/* End PBXBuildFile section */

/* Begin PBXContainerItemProxy section */
		AF6964C31D76CA9F005FF098 /* PBXContainerItemProxy */ = {
			isa = PBXContainerItemProxy;
			containerPortal = AF6964A61D76CA9F005FF098 /* Project object */;
			proxyType = 1;
			remoteGlobalIDString = AF6964AD1D76CA9F005FF098;
			remoteInfo = DZMeBookRead;
		};
		AF6964CE1D76CA9F005FF098 /* PBXContainerItemProxy */ = {
			isa = PBXContainerItemProxy;
			containerPortal = AF6964A61D76CA9F005FF098 /* Project object */;
			proxyType = 1;
			remoteGlobalIDString = AF6964AD1D76CA9F005FF098;
			remoteInfo = DZMeBookRead;
		};
/* End PBXContainerItemProxy section */

/* Begin PBXFileReference section */
		AF2959111D7BB33700C880E7 /* HJReadConfigureManger.swift */ = {isa = PBXFileReference; fileEncoding = 4; lastKnownFileType = sourcecode.swift; path = HJReadConfigureManger.swift; sourceTree = "<group>"; };
		AF2959121D7BB33700C880E7 /* HJReadPageController.swift */ = {isa = PBXFileReference; fileEncoding = 4; lastKnownFileType = sourcecode.swift; path = HJReadPageController.swift; sourceTree = "<group>"; };
		AF2959131D7BB33700C880E7 /* HJReadPageDataConfigure.swift */ = {isa = PBXFileReference; fileEncoding = 4; lastKnownFileType = sourcecode.swift; path = HJReadPageDataConfigure.swift; sourceTree = "<group>"; };
		AF2959141D7BB33700C880E7 /* HJReadParser.swift */ = {isa = PBXFileReference; fileEncoding = 4; lastKnownFileType = sourcecode.swift; path = HJReadParser.swift; sourceTree = "<group>"; };
		AF2959151D7BB33700C880E7 /* HJReadSetup.swift */ = {isa = PBXFileReference; fileEncoding = 4; lastKnownFileType = sourcecode.swift; path = HJReadSetup.swift; sourceTree = "<group>"; };
		AF2959161D7BB33700C880E7 /* HJReadUI.swift */ = {isa = PBXFileReference; fileEncoding = 4; lastKnownFileType = sourcecode.swift; path = HJReadUI.swift; sourceTree = "<group>"; };
		AF2959171D7BB33700C880E7 /* HJReadViewController.swift */ = {isa = PBXFileReference; fileEncoding = 4; lastKnownFileType = sourcecode.swift; path = HJReadViewController.swift; sourceTree = "<group>"; };
		AF29591C1D7BB33700C880E7 /* HJReadChapterListModel.swift */ = {isa = PBXFileReference; fileEncoding = 4; lastKnownFileType = sourcecode.swift; path = HJReadChapterListModel.swift; sourceTree = "<group>"; };
		AF29591D1D7BB33700C880E7 /* HJReadChapterModel.swift */ = {isa = PBXFileReference; fileEncoding = 4; lastKnownFileType = sourcecode.swift; path = HJReadChapterModel.swift; sourceTree = "<group>"; };
		AF29591E1D7BB33700C880E7 /* HJReadModel.swift */ = {isa = PBXFileReference; fileEncoding = 4; lastKnownFileType = sourcecode.swift; path = HJReadModel.swift; sourceTree = "<group>"; };
		AF29591F1D7BB33700C880E7 /* HJReadRecord.swift */ = {isa = PBXFileReference; fileEncoding = 4; lastKnownFileType = sourcecode.swift; path = HJReadRecord.swift; sourceTree = "<group>"; };
		AF2959211D7BB33700C880E7 /* HJReadBottomView.swift */ = {isa = PBXFileReference; fileEncoding = 4; lastKnownFileType = sourcecode.swift; path = HJReadBottomView.swift; sourceTree = "<group>"; };
		AF2959221D7BB33700C880E7 /* HJReadLeftHeaderView.swift */ = {isa = PBXFileReference; fileEncoding = 4; lastKnownFileType = sourcecode.swift; path = HJReadLeftHeaderView.swift; sourceTree = "<group>"; };
		AF2959231D7BB33700C880E7 /* HJReadLeftView.swift */ = {isa = PBXFileReference; fileEncoding = 4; lastKnownFileType = sourcecode.swift; path = HJReadLeftView.swift; sourceTree = "<group>"; };
		AF2959241D7BB33700C880E7 /* HJReadLeftViewCell.swift */ = {isa = PBXFileReference; fileEncoding = 4; lastKnownFileType = sourcecode.swift; path = HJReadLeftViewCell.swift; sourceTree = "<group>"; };
		AF2959251D7BB33700C880E7 /* HJReadLightView.swift */ = {isa = PBXFileReference; fileEncoding = 4; lastKnownFileType = sourcecode.swift; path = HJReadLightView.swift; sourceTree = "<group>"; };
		AF2959261D7BB33700C880E7 /* HJReadSettingColorView.swift */ = {isa = PBXFileReference; fileEncoding = 4; lastKnownFileType = sourcecode.swift; path = HJReadSettingColorView.swift; sourceTree = "<group>"; };
		AF2959271D7BB33700C880E7 /* HJReadSettingCustomView.swift */ = {isa = PBXFileReference; fileEncoding = 4; lastKnownFileType = sourcecode.swift; path = HJReadSettingCustomView.swift; sourceTree = "<group>"; };
		AF2959281D7BB33700C880E7 /* HJReadSettingFlipEffectView.swift */ = {isa = PBXFileReference; fileEncoding = 4; lastKnownFileType = sourcecode.swift; path = HJReadSettingFlipEffectView.swift; sourceTree = "<group>"; };
		AF2959291D7BB33700C880E7 /* HJReadSettingFontSizeView.swift */ = {isa = PBXFileReference; fileEncoding = 4; lastKnownFileType = sourcecode.swift; path = HJReadSettingFontSizeView.swift; sourceTree = "<group>"; };
		AF29592A1D7BB33700C880E7 /* HJReadSettingFontView.swift */ = {isa = PBXFileReference; fileEncoding = 4; lastKnownFileType = sourcecode.swift; path = HJReadSettingFontView.swift; sourceTree = "<group>"; };
		AF29592B1D7BB33700C880E7 /* HJReadSettingView.swift */ = {isa = PBXFileReference; fileEncoding = 4; lastKnownFileType = sourcecode.swift; path = HJReadSettingView.swift; sourceTree = "<group>"; };
		AF29592C1D7BB33700C880E7 /* HJReadView.swift */ = {isa = PBXFileReference; fileEncoding = 4; lastKnownFileType = sourcecode.swift; path = HJReadView.swift; sourceTree = "<group>"; };
		AF29592D1D7BB33700C880E7 /* HJReadViewCell.swift */ = {isa = PBXFileReference; fileEncoding = 4; lastKnownFileType = sourcecode.swift; path = HJReadViewCell.swift; sourceTree = "<group>"; };
		AF2959491D7BB4AC00C880E7 /* HJTableViewController.swift */ = {isa = PBXFileReference; fileEncoding = 4; lastKnownFileType = sourcecode.swift; path = HJTableViewController.swift; sourceTree = "<group>"; };
		AF29594B1D7BB4CF00C880E7 /* HJTableView.swift */ = {isa = PBXFileReference; fileEncoding = 4; lastKnownFileType = sourcecode.swift; path = HJTableView.swift; sourceTree = "<group>"; };
		AF29594D1D7BB50700C880E7 /* HJNavigationController.swift */ = {isa = PBXFileReference; fileEncoding = 4; lastKnownFileType = sourcecode.swift; path = HJNavigationController.swift; sourceTree = "<group>"; };
		AF30BCDD1D7FAF79006390AC /* HJReadBottomStatusView.swift */ = {isa = PBXFileReference; fileEncoding = 4; lastKnownFileType = sourcecode.swift; path = HJReadBottomStatusView.swift; sourceTree = "<group>"; };
		AF33A05F1D7FEA61007B79EE /* HJBatteryView.swift */ = {isa = PBXFileReference; fileEncoding = 4; lastKnownFileType = sourcecode.swift; path = HJBatteryView.swift; sourceTree = "<group>"; };
		AF6964AE1D76CA9F005FF098 /* DZMeBookRead.app */ = {isa = PBXFileReference; explicitFileType = wrapper.application; includeInIndex = 0; path = DZMeBookRead.app; sourceTree = BUILT_PRODUCTS_DIR; };
		AF6964C21D76CA9F005FF098 /* DZMeBookReadTests.xctest */ = {isa = PBXFileReference; explicitFileType = wrapper.cfbundle; includeInIndex = 0; path = DZMeBookReadTests.xctest; sourceTree = BUILT_PRODUCTS_DIR; };
		AF6964C61D76CA9F005FF098 /* DZMeBookReadTests.swift */ = {isa = PBXFileReference; lastKnownFileType = sourcecode.swift; path = DZMeBookReadTests.swift; sourceTree = "<group>"; };
		AF6964C81D76CA9F005FF098 /* Info.plist */ = {isa = PBXFileReference; lastKnownFileType = text.plist.xml; path = Info.plist; sourceTree = "<group>"; };
		AF6964CD1D76CA9F005FF098 /* DZMeBookReadUITests.xctest */ = {isa = PBXFileReference; explicitFileType = wrapper.cfbundle; includeInIndex = 0; path = DZMeBookReadUITests.xctest; sourceTree = BUILT_PRODUCTS_DIR; };
		AF6964D11D76CA9F005FF098 /* DZMeBookReadUITests.swift */ = {isa = PBXFileReference; lastKnownFileType = sourcecode.swift; path = DZMeBookReadUITests.swift; sourceTree = "<group>"; };
		AF6964D31D76CA9F005FF098 /* Info.plist */ = {isa = PBXFileReference; lastKnownFileType = text.plist.xml; path = Info.plist; sourceTree = "<group>"; };
		AF69654D1D76CF1C005FF098 /* 求魔.txt */ = {isa = PBXFileReference; fileEncoding = 4; lastKnownFileType = text; path = "求魔.txt"; sourceTree = "<group>"; };
		AF69654E1D76CF1C005FF098 /* mdjyml.txt */ = {isa = PBXFileReference; fileEncoding = 4; lastKnownFileType = text; path = mdjyml.txt; sourceTree = "<group>"; };
		AFA682B31D76D31800870EBF /* NSObject+Extension.swift */ = {isa = PBXFileReference; fileEncoding = 4; lastKnownFileType = sourcecode.swift; path = "NSObject+Extension.swift"; sourceTree = "<group>"; };
		AFA682B41D76D31800870EBF /* String+Extension.swift */ = {isa = PBXFileReference; fileEncoding = 4; lastKnownFileType = sourcecode.swift; path = "String+Extension.swift"; sourceTree = "<group>"; };
		AFA682B51D76D31800870EBF /* UIBarButtonItem+Extension.swift */ = {isa = PBXFileReference; fileEncoding = 4; lastKnownFileType = sourcecode.swift; path = "UIBarButtonItem+Extension.swift"; sourceTree = "<group>"; };
		AFA682B61D76D31800870EBF /* UIFont+Extension.swift */ = {isa = PBXFileReference; fileEncoding = 4; lastKnownFileType = sourcecode.swift; path = "UIFont+Extension.swift"; sourceTree = "<group>"; };
		AFA682B71D76D31800870EBF /* UIImage+Extension.swift */ = {isa = PBXFileReference; fileEncoding = 4; lastKnownFileType = sourcecode.swift; path = "UIImage+Extension.swift"; sourceTree = "<group>"; };
		AFA682B81D76D31800870EBF /* UIScrollView+Extension.swift */ = {isa = PBXFileReference; fileEncoding = 4; lastKnownFileType = sourcecode.swift; path = "UIScrollView+Extension.swift"; sourceTree = "<group>"; };
		AFA682B91D76D31800870EBF /* UIView+Extension.swift */ = {isa = PBXFileReference; fileEncoding = 4; lastKnownFileType = sourcecode.swift; path = "UIView+Extension.swift"; sourceTree = "<group>"; };
		AFA682BB1D76D31800870EBF /* HJAttrOne.swift */ = {isa = PBXFileReference; fileEncoding = 4; lastKnownFileType = sourcecode.swift; path = HJAttrOne.swift; sourceTree = "<group>"; };
		AFA682BC1D76D31800870EBF /* HJAttrTwo.swift */ = {isa = PBXFileReference; fileEncoding = 4; lastKnownFileType = sourcecode.swift; path = HJAttrTwo.swift; sourceTree = "<group>"; };
		AFA682BF1D76D31800870EBF /* HJEnum.swift */ = {isa = PBXFileReference; fileEncoding = 4; lastKnownFileType = sourcecode.swift; path = HJEnum.swift; sourceTree = "<group>"; };
		AFA682C01D76D31800870EBF /* HJFuncOne.swift */ = {isa = PBXFileReference; fileEncoding = 4; lastKnownFileType = sourcecode.swift; path = HJFuncOne.swift; sourceTree = "<group>"; };
		AFA682C11D76D31800870EBF /* HJFuncTwo.swift */ = {isa = PBXFileReference; fileEncoding = 4; lastKnownFileType = sourcecode.swift; path = HJFuncTwo.swift; sourceTree = "<group>"; };
		AFA682C21D76D31800870EBF /* HJManager.swift */ = {isa = PBXFileReference; fileEncoding = 4; lastKnownFileType = sourcecode.swift; path = HJManager.swift; sourceTree = "<group>"; };
		AFA682C41D76D31800870EBF /* HJUIFuncOne.swift */ = {isa = PBXFileReference; fileEncoding = 4; lastKnownFileType = sourcecode.swift; path = HJUIFuncOne.swift; sourceTree = "<group>"; };
		AFA682C51D76D31800870EBF /* HJUserDefaults.swift */ = {isa = PBXFileReference; fileEncoding = 4; lastKnownFileType = sourcecode.swift; path = HJUserDefaults.swift; sourceTree = "<group>"; };
		AFA682C61D76D31800870EBF /* HJViewController.swift */ = {isa = PBXFileReference; fileEncoding = 4; lastKnownFileType = sourcecode.swift; path = HJViewController.swift; sourceTree = "<group>"; };
		AFA682E71D76D31800870EBF /* MBProgressHUD+DZM.h */ = {isa = PBXFileReference; fileEncoding = 4; lastKnownFileType = sourcecode.c.h; path = "MBProgressHUD+DZM.h"; sourceTree = "<group>"; };
		AFA682E81D76D31800870EBF /* MBProgressHUD+DZM.m */ = {isa = PBXFileReference; fileEncoding = 4; lastKnownFileType = sourcecode.c.objc; path = "MBProgressHUD+DZM.m"; sourceTree = "<group>"; };
		AFA682E91D76D31800870EBF /* MBProgressHUD.bundle */ = {isa = PBXFileReference; lastKnownFileType = "wrapper.plug-in"; path = MBProgressHUD.bundle; sourceTree = "<group>"; };
		AFA682EA1D76D31800870EBF /* MBProgressHUD.h */ = {isa = PBXFileReference; fileEncoding = 4; lastKnownFileType = sourcecode.c.h; path = MBProgressHUD.h; sourceTree = "<group>"; };
		AFA682EB1D76D31800870EBF /* MBProgressHUD.m */ = {isa = PBXFileReference; fileEncoding = 4; lastKnownFileType = sourcecode.c.objc; path = MBProgressHUD.m; sourceTree = "<group>"; };
		AFA6831A1D76D33500870EBF /* AppDelegate.swift */ = {isa = PBXFileReference; fileEncoding = 4; lastKnownFileType = sourcecode.swift; path = AppDelegate.swift; sourceTree = "<group>"; };
		AFA6831B1D76D33500870EBF /* Assets.xcassets */ = {isa = PBXFileReference; lastKnownFileType = folder.assetcatalog; path = Assets.xcassets; sourceTree = "<group>"; };
		AFA6831E1D76D33500870EBF /* Base */ = {isa = PBXFileReference; lastKnownFileType = file.storyboard; name = Base; path = LaunchScreen.storyboard; sourceTree = "<group>"; };
		AFA6831F1D76D33500870EBF /* DZMeBookRead-Bridging-Header.h */ = {isa = PBXFileReference; fileEncoding = 4; lastKnownFileType = sourcecode.c.h; path = "DZMeBookRead-Bridging-Header.h"; sourceTree = "<group>"; };
		AFA683201D76D33500870EBF /* HJMainViewController.swift */ = {isa = PBXFileReference; fileEncoding = 4; lastKnownFileType = sourcecode.swift; name = HJMainViewController.swift; path = "Other(其他)/HJMainViewController.swift"; sourceTree = "<group>"; };
		AFA683211D76D33500870EBF /* Info.plist */ = {isa = PBXFileReference; fileEncoding = 4; lastKnownFileType = text.plist.xml; path = Info.plist; sourceTree = "<group>"; };
/* End PBXFileReference section */

/* Begin PBXFrameworksBuildPhase section */
		AF6964AB1D76CA9F005FF098 /* Frameworks */ = {
			isa = PBXFrameworksBuildPhase;
			buildActionMask = 2147483647;
			files = (
			);
			runOnlyForDeploymentPostprocessing = 0;
		};
		AF6964BF1D76CA9F005FF098 /* Frameworks */ = {
			isa = PBXFrameworksBuildPhase;
			buildActionMask = 2147483647;
			files = (
			);
			runOnlyForDeploymentPostprocessing = 0;
		};
		AF6964CA1D76CA9F005FF098 /* Frameworks */ = {
			isa = PBXFrameworksBuildPhase;
			buildActionMask = 2147483647;
			files = (
			);
			runOnlyForDeploymentPostprocessing = 0;
		};
/* End PBXFrameworksBuildPhase section */

/* Begin PBXGroup section */
		AF2959101D7BB33700C880E7 /* controller */ = {
			isa = PBXGroup;
			children = (
				AF2959111D7BB33700C880E7 /* HJReadConfigureManger.swift */,
				AF2959121D7BB33700C880E7 /* HJReadPageController.swift */,
				AF2959131D7BB33700C880E7 /* HJReadPageDataConfigure.swift */,
				AF2959141D7BB33700C880E7 /* HJReadParser.swift */,
				AF2959151D7BB33700C880E7 /* HJReadSetup.swift */,
				AF2959161D7BB33700C880E7 /* HJReadUI.swift */,
				AF2959171D7BB33700C880E7 /* HJReadViewController.swift */,
			);
			path = controller;
			sourceTree = "<group>";
		};
		AF29591A1D7BB33700C880E7 /* model */ = {
			isa = PBXGroup;
			children = (
				AF29591C1D7BB33700C880E7 /* HJReadChapterListModel.swift */,
				AF29591D1D7BB33700C880E7 /* HJReadChapterModel.swift */,
				AF29591E1D7BB33700C880E7 /* HJReadModel.swift */,
				AF29591F1D7BB33700C880E7 /* HJReadRecord.swift */,
			);
			path = model;
			sourceTree = "<group>";
		};
		AF2959201D7BB33700C880E7 /* view */ = {
			isa = PBXGroup;
			children = (
				AF2959211D7BB33700C880E7 /* HJReadBottomView.swift */,
				AF2959221D7BB33700C880E7 /* HJReadLeftHeaderView.swift */,
				AF2959231D7BB33700C880E7 /* HJReadLeftView.swift */,
				AF2959241D7BB33700C880E7 /* HJReadLeftViewCell.swift */,
				AF2959251D7BB33700C880E7 /* HJReadLightView.swift */,
				AF2959261D7BB33700C880E7 /* HJReadSettingColorView.swift */,
				AF2959271D7BB33700C880E7 /* HJReadSettingCustomView.swift */,
				AF2959281D7BB33700C880E7 /* HJReadSettingFlipEffectView.swift */,
				AF2959291D7BB33700C880E7 /* HJReadSettingFontSizeView.swift */,
				AF29592A1D7BB33700C880E7 /* HJReadSettingFontView.swift */,
				AF29592B1D7BB33700C880E7 /* HJReadSettingView.swift */,
				AF29592C1D7BB33700C880E7 /* HJReadView.swift */,
				AF29592D1D7BB33700C880E7 /* HJReadViewCell.swift */,
				AF30BCDD1D7FAF79006390AC /* HJReadBottomStatusView.swift */,
				AF33A05F1D7FEA61007B79EE /* HJBatteryView.swift */,
			);
			path = view;
			sourceTree = "<group>";
		};
		AF6964A51D76CA9F005FF098 = {
			isa = PBXGroup;
			children = (
				AF6964B01D76CA9F005FF098 /* DZMeBookRead */,
				AF6964C51D76CA9F005FF098 /* DZMeBookReadTests */,
				AF6964D01D76CA9F005FF098 /* DZMeBookReadUITests */,
				AF6964AF1D76CA9F005FF098 /* Products */,
			);
			sourceTree = "<group>";
		};
		AF6964AF1D76CA9F005FF098 /* Products */ = {
			isa = PBXGroup;
			children = (
				AF6964AE1D76CA9F005FF098 /* DZMeBookRead.app */,
				AF6964C21D76CA9F005FF098 /* DZMeBookReadTests.xctest */,
				AF6964CD1D76CA9F005FF098 /* DZMeBookReadUITests.xctest */,
			);
			name = Products;
			sourceTree = "<group>";
		};
		AF6964B01D76CA9F005FF098 /* DZMeBookRead */ = {
			isa = PBXGroup;
			children = (
				AFA682B11D76D31800870EBF /* class */,
				AF69654D1D76CF1C005FF098 /* 求魔.txt */,
				AF69654E1D76CF1C005FF098 /* mdjyml.txt */,
			);
			path = DZMeBookRead;
			sourceTree = "<group>";
		};
		AF6964C51D76CA9F005FF098 /* DZMeBookReadTests */ = {
			isa = PBXGroup;
			children = (
				AF6964C61D76CA9F005FF098 /* DZMeBookReadTests.swift */,
				AF6964C81D76CA9F005FF098 /* Info.plist */,
			);
			path = DZMeBookReadTests;
			sourceTree = "<group>";
		};
		AF6964D01D76CA9F005FF098 /* DZMeBookReadUITests */ = {
			isa = PBXGroup;
			children = (
				AF6964D11D76CA9F005FF098 /* DZMeBookReadUITests.swift */,
				AF6964D31D76CA9F005FF098 /* Info.plist */,
			);
			path = DZMeBookReadUITests;
			sourceTree = "<group>";
		};
		AFA682B11D76D31800870EBF /* class */ = {
			isa = PBXGroup;
			children = (
				AFA683201D76D33500870EBF /* HJMainViewController.swift */,
				AFA682B21D76D31800870EBF /* Extension(扩展) */,
				AFA682BA1D76D31800870EBF /* Global(公用) */,
				AFA682C71D76D31800870EBF /* Other(其他) */,
				AFA682C81D76D31800870EBF /* Read(阅读) */,
				AFA682E41D76D31800870EBF /* Resources(资源) */,
				AFA682E51D76D31800870EBF /* ThirdParty(第三方) */,
			);
			path = class;
			sourceTree = "<group>";
		};
		AFA682B21D76D31800870EBF /* Extension(扩展) */ = {
			isa = PBXGroup;
			children = (
				AFA682B31D76D31800870EBF /* NSObject+Extension.swift */,
				AFA682B41D76D31800870EBF /* String+Extension.swift */,
				AFA682B51D76D31800870EBF /* UIBarButtonItem+Extension.swift */,
				AFA682B61D76D31800870EBF /* UIFont+Extension.swift */,
				AFA682B71D76D31800870EBF /* UIImage+Extension.swift */,
				AFA682B81D76D31800870EBF /* UIScrollView+Extension.swift */,
				AFA682B91D76D31800870EBF /* UIView+Extension.swift */,
			);
			path = "Extension(扩展)";
			sourceTree = "<group>";
		};
		AFA682BA1D76D31800870EBF /* Global(公用) */ = {
			isa = PBXGroup;
			children = (
				AF29594D1D7BB50700C880E7 /* HJNavigationController.swift */,
				AF29594B1D7BB4CF00C880E7 /* HJTableView.swift */,
				AF2959491D7BB4AC00C880E7 /* HJTableViewController.swift */,
				AFA682BB1D76D31800870EBF /* HJAttrOne.swift */,
				AFA682BC1D76D31800870EBF /* HJAttrTwo.swift */,
				AFA682BF1D76D31800870EBF /* HJEnum.swift */,
				AFA682C01D76D31800870EBF /* HJFuncOne.swift */,
				AFA682C11D76D31800870EBF /* HJFuncTwo.swift */,
				AFA682C21D76D31800870EBF /* HJManager.swift */,
				AFA682C41D76D31800870EBF /* HJUIFuncOne.swift */,
				AFA682C51D76D31800870EBF /* HJUserDefaults.swift */,
				AFA682C61D76D31800870EBF /* HJViewController.swift */,
			);
			path = "Global(公用)";
			sourceTree = "<group>";
		};
		AFA682C71D76D31800870EBF /* Other(其他) */ = {
			isa = PBXGroup;
			children = (
				AFA6831A1D76D33500870EBF /* AppDelegate.swift */,
				AFA6831B1D76D33500870EBF /* Assets.xcassets */,
				AFA6831C1D76D33500870EBF /* Base.lproj */,
				AFA6831F1D76D33500870EBF /* DZMeBookRead-Bridging-Header.h */,
				AFA683211D76D33500870EBF /* Info.plist */,
			);
			path = "Other(其他)";
			sourceTree = "<group>";
		};
		AFA682C81D76D31800870EBF /* Read(阅读) */ = {
			isa = PBXGroup;
			children = (
				AF2959101D7BB33700C880E7 /* controller */,
				AF29591A1D7BB33700C880E7 /* model */,
				AF2959201D7BB33700C880E7 /* view */,
			);
			path = "Read(阅读)";
			sourceTree = "<group>";
		};
		AFA682E41D76D31800870EBF /* Resources(资源) */ = {
			isa = PBXGroup;
			children = (
			);
			path = "Resources(资源)";
			sourceTree = "<group>";
		};
		AFA682E51D76D31800870EBF /* ThirdParty(第三方) */ = {
			isa = PBXGroup;
			children = (
				AFA682E61D76D31800870EBF /* MBProgressHUD */,
			);
			path = "ThirdParty(第三方)";
			sourceTree = "<group>";
		};
		AFA682E61D76D31800870EBF /* MBProgressHUD */ = {
			isa = PBXGroup;
			children = (
				AFA682E71D76D31800870EBF /* MBProgressHUD+DZM.h */,
				AFA682E81D76D31800870EBF /* MBProgressHUD+DZM.m */,
				AFA682E91D76D31800870EBF /* MBProgressHUD.bundle */,
				AFA682EA1D76D31800870EBF /* MBProgressHUD.h */,
				AFA682EB1D76D31800870EBF /* MBProgressHUD.m */,
			);
			path = MBProgressHUD;
			sourceTree = "<group>";
		};
		AFA6831C1D76D33500870EBF /* Base.lproj */ = {
			isa = PBXGroup;
			children = (
				AFA6831D1D76D33500870EBF /* LaunchScreen.storyboard */,
			);
			path = Base.lproj;
			sourceTree = "<group>";
		};
/* End PBXGroup section */

/* Begin PBXNativeTarget section */
		AF6964AD1D76CA9F005FF098 /* DZMeBookRead */ = {
			isa = PBXNativeTarget;
			buildConfigurationList = AF6964D61D76CA9F005FF098 /* Build configuration list for PBXNativeTarget "DZMeBookRead" */;
			buildPhases = (
				AF6964AA1D76CA9F005FF098 /* Sources */,
				AF6964AB1D76CA9F005FF098 /* Frameworks */,
				AF6964AC1D76CA9F005FF098 /* Resources */,
			);
			buildRules = (
			);
			dependencies = (
			);
			name = DZMeBookRead;
			productName = DZMeBookRead;
			productReference = AF6964AE1D76CA9F005FF098 /* DZMeBookRead.app */;
			productType = "com.apple.product-type.application";
		};
		AF6964C11D76CA9F005FF098 /* DZMeBookReadTests */ = {
			isa = PBXNativeTarget;
			buildConfigurationList = AF6964D91D76CA9F005FF098 /* Build configuration list for PBXNativeTarget "DZMeBookReadTests" */;
			buildPhases = (
				AF6964BE1D76CA9F005FF098 /* Sources */,
				AF6964BF1D76CA9F005FF098 /* Frameworks */,
				AF6964C01D76CA9F005FF098 /* Resources */,
			);
			buildRules = (
			);
			dependencies = (
				AF6964C41D76CA9F005FF098 /* PBXTargetDependency */,
			);
			name = DZMeBookReadTests;
			productName = DZMeBookReadTests;
			productReference = AF6964C21D76CA9F005FF098 /* DZMeBookReadTests.xctest */;
			productType = "com.apple.product-type.bundle.unit-test";
		};
		AF6964CC1D76CA9F005FF098 /* DZMeBookReadUITests */ = {
			isa = PBXNativeTarget;
			buildConfigurationList = AF6964DC1D76CA9F005FF098 /* Build configuration list for PBXNativeTarget "DZMeBookReadUITests" */;
			buildPhases = (
				AF6964C91D76CA9F005FF098 /* Sources */,
				AF6964CA1D76CA9F005FF098 /* Frameworks */,
				AF6964CB1D76CA9F005FF098 /* Resources */,
			);
			buildRules = (
			);
			dependencies = (
				AF6964CF1D76CA9F005FF098 /* PBXTargetDependency */,
			);
			name = DZMeBookReadUITests;
			productName = DZMeBookReadUITests;
			productReference = AF6964CD1D76CA9F005FF098 /* DZMeBookReadUITests.xctest */;
			productType = "com.apple.product-type.bundle.ui-testing";
		};
/* End PBXNativeTarget section */

/* Begin PBXProject section */
		AF6964A61D76CA9F005FF098 /* Project object */ = {
			isa = PBXProject;
			attributes = {
				LastSwiftUpdateCheck = 0730;
				LastUpgradeCheck = 0730;
				ORGANIZATIONNAME = DZM;
				TargetAttributes = {
					AF6964AD1D76CA9F005FF098 = {
						CreatedOnToolsVersion = 7.3.1;
					};
					AF6964C11D76CA9F005FF098 = {
						CreatedOnToolsVersion = 7.3.1;
						TestTargetID = AF6964AD1D76CA9F005FF098;
					};
					AF6964CC1D76CA9F005FF098 = {
						CreatedOnToolsVersion = 7.3.1;
						TestTargetID = AF6964AD1D76CA9F005FF098;
					};
				};
			};
			buildConfigurationList = AF6964A91D76CA9F005FF098 /* Build configuration list for PBXProject "DZMeBookRead" */;
			compatibilityVersion = "Xcode 3.2";
			developmentRegion = English;
			hasScannedForEncodings = 0;
			knownRegions = (
				en,
				Base,
			);
			mainGroup = AF6964A51D76CA9F005FF098;
			productRefGroup = AF6964AF1D76CA9F005FF098 /* Products */;
			projectDirPath = "";
			projectRoot = "";
			targets = (
				AF6964AD1D76CA9F005FF098 /* DZMeBookRead */,
				AF6964C11D76CA9F005FF098 /* DZMeBookReadTests */,
				AF6964CC1D76CA9F005FF098 /* DZMeBookReadUITests */,
			);
		};
/* End PBXProject section */

/* Begin PBXResourcesBuildPhase section */
		AF6964AC1D76CA9F005FF098 /* Resources */ = {
			isa = PBXResourcesBuildPhase;
			buildActionMask = 2147483647;
			files = (
				AF6965501D76CF1C005FF098 /* mdjyml.txt in Resources */,
				AF69654F1D76CF1C005FF098 /* 求魔.txt in Resources */,
				AFA683261D76D33500870EBF /* Info.plist in Resources */,
				AFA683231D76D33500870EBF /* Assets.xcassets in Resources */,
				AFA683241D76D33500870EBF /* LaunchScreen.storyboard in Resources */,
				AFA683181D76D31800870EBF /* MBProgressHUD.bundle in Resources */,
			);
			runOnlyForDeploymentPostprocessing = 0;
		};
		AF6964C01D76CA9F005FF098 /* Resources */ = {
			isa = PBXResourcesBuildPhase;
			buildActionMask = 2147483647;
			files = (
			);
			runOnlyForDeploymentPostprocessing = 0;
		};
		AF6964CB1D76CA9F005FF098 /* Resources */ = {
			isa = PBXResourcesBuildPhase;
			buildActionMask = 2147483647;
			files = (
			);
			runOnlyForDeploymentPostprocessing = 0;
		};
/* End PBXResourcesBuildPhase section */

/* Begin PBXSourcesBuildPhase section */
		AF6964AA1D76CA9F005FF098 /* Sources */ = {
			isa = PBXSourcesBuildPhase;
			buildActionMask = 2147483647;
			files = (
				AF2959421D7BB33700C880E7 /* HJReadSettingCustomView.swift in Sources */,
				AF29592E1D7BB33700C880E7 /* HJReadConfigureManger.swift in Sources */,
				AF29593A1D7BB33700C880E7 /* HJReadModel.swift in Sources */,
				AF2959311D7BB33700C880E7 /* HJReadParser.swift in Sources */,
				AFA682ED1D76D31800870EBF /* String+Extension.swift in Sources */,
				AF2959461D7BB33700C880E7 /* HJReadSettingView.swift in Sources */,
				AF2959321D7BB33700C880E7 /* HJReadSetup.swift in Sources */,
				AFA682FC1D76D31800870EBF /* HJUIFuncOne.swift in Sources */,
				AFA682FE1D76D31800870EBF /* HJViewController.swift in Sources */,
				AF30BCDE1D7FAF79006390AC /* HJReadBottomStatusView.swift in Sources */,
				AF2959431D7BB33700C880E7 /* HJReadSettingFlipEffectView.swift in Sources */,
				AF29594C1D7BB4CF00C880E7 /* HJTableView.swift in Sources */,
				AF2959401D7BB33700C880E7 /* HJReadLightView.swift in Sources */,
				AF29594E1D7BB50700C880E7 /* HJNavigationController.swift in Sources */,
				AF29593F1D7BB33700C880E7 /* HJReadLeftViewCell.swift in Sources */,
				AFA682F31D76D31800870EBF /* HJAttrOne.swift in Sources */,
				AFA683171D76D31800870EBF /* MBProgressHUD+DZM.m in Sources */,
				AFA682F21D76D31800870EBF /* UIView+Extension.swift in Sources */,
				AFA682F91D76D31800870EBF /* HJFuncTwo.swift in Sources */,
				AF29593B1D7BB33700C880E7 /* HJReadRecord.swift in Sources */,
				AF29592F1D7BB33700C880E7 /* HJReadPageController.swift in Sources */,
				AF29594A1D7BB4AC00C880E7 /* HJTableViewController.swift in Sources */,
				AFA682F11D76D31800870EBF /* UIScrollView+Extension.swift in Sources */,
				AF29593E1D7BB33700C880E7 /* HJReadLeftView.swift in Sources */,
				AFA682FD1D76D31800870EBF /* HJUserDefaults.swift in Sources */,
				AF2959481D7BB33700C880E7 /* HJReadViewCell.swift in Sources */,
				AF2959441D7BB33700C880E7 /* HJReadSettingFontSizeView.swift in Sources */,
				AFA683251D76D33500870EBF /* HJMainViewController.swift in Sources */,
				AF29593C1D7BB33700C880E7 /* HJReadBottomView.swift in Sources */,
				AFA682F41D76D31800870EBF /* HJAttrTwo.swift in Sources */,
				AFA683221D76D33500870EBF /* AppDelegate.swift in Sources */,
				AF2959341D7BB33700C880E7 /* HJReadViewController.swift in Sources */,
				AFA683191D76D31800870EBF /* MBProgressHUD.m in Sources */,
				AFA682F71D76D31800870EBF /* HJEnum.swift in Sources */,
				AFA682FA1D76D31800870EBF /* HJManager.swift in Sources */,
				AF2959451D7BB33700C880E7 /* HJReadSettingFontView.swift in Sources */,
				AF2959411D7BB33700C880E7 /* HJReadSettingColorView.swift in Sources */,
				AFA682EE1D76D31800870EBF /* UIBarButtonItem+Extension.swift in Sources */,
				AFA682F81D76D31800870EBF /* HJFuncOne.swift in Sources */,
				AF33A0601D7FEA61007B79EE /* HJBatteryView.swift in Sources */,
				AF2959381D7BB33700C880E7 /* HJReadChapterListModel.swift in Sources */,
				AFA682F01D76D31800870EBF /* UIImage+Extension.swift in Sources */,
				AFA682EF1D76D31800870EBF /* UIFont+Extension.swift in Sources */,
				AF2959301D7BB33700C880E7 /* HJReadPageDataConfigure.swift in Sources */,
				AF2959391D7BB33700C880E7 /* HJReadChapterModel.swift in Sources */,
				AFA682EC1D76D31800870EBF /* NSObject+Extension.swift in Sources */,
				AF29593D1D7BB33700C880E7 /* HJReadLeftHeaderView.swift in Sources */,
				AF2959331D7BB33700C880E7 /* HJReadUI.swift in Sources */,
				AF2959471D7BB33700C880E7 /* HJReadView.swift in Sources */,
			);
			runOnlyForDeploymentPostprocessing = 0;
		};
		AF6964BE1D76CA9F005FF098 /* Sources */ = {
			isa = PBXSourcesBuildPhase;
			buildActionMask = 2147483647;
			files = (
				AF6964C71D76CA9F005FF098 /* DZMeBookReadTests.swift in Sources */,
			);
			runOnlyForDeploymentPostprocessing = 0;
		};
		AF6964C91D76CA9F005FF098 /* Sources */ = {
			isa = PBXSourcesBuildPhase;
			buildActionMask = 2147483647;
			files = (
				AF6964D21D76CA9F005FF098 /* DZMeBookReadUITests.swift in Sources */,
			);
			runOnlyForDeploymentPostprocessing = 0;
		};
/* End PBXSourcesBuildPhase section */

/* Begin PBXTargetDependency section */
		AF6964C41D76CA9F005FF098 /* PBXTargetDependency */ = {
			isa = PBXTargetDependency;
			target = AF6964AD1D76CA9F005FF098 /* DZMeBookRead */;
			targetProxy = AF6964C31D76CA9F005FF098 /* PBXContainerItemProxy */;
		};
		AF6964CF1D76CA9F005FF098 /* PBXTargetDependency */ = {
			isa = PBXTargetDependency;
			target = AF6964AD1D76CA9F005FF098 /* DZMeBookRead */;
			targetProxy = AF6964CE1D76CA9F005FF098 /* PBXContainerItemProxy */;
		};
/* End PBXTargetDependency section */

/* Begin PBXVariantGroup section */
		AFA6831D1D76D33500870EBF /* LaunchScreen.storyboard */ = {
			isa = PBXVariantGroup;
			children = (
				AFA6831E1D76D33500870EBF /* Base */,
			);
			name = LaunchScreen.storyboard;
			sourceTree = "<group>";
		};
/* End PBXVariantGroup section */

/* Begin XCBuildConfiguration section */
		AF6964D41D76CA9F005FF098 /* Debug */ = {
			isa = XCBuildConfiguration;
			buildSettings = {
				ALWAYS_SEARCH_USER_PATHS = NO;
				CLANG_ANALYZER_NONNULL = YES;
				CLANG_CXX_LANGUAGE_STANDARD = "gnu++0x";
				CLANG_CXX_LIBRARY = "libc++";
				CLANG_ENABLE_MODULES = YES;
				CLANG_ENABLE_OBJC_ARC = YES;
				CLANG_WARN_BOOL_CONVERSION = YES;
				CLANG_WARN_CONSTANT_CONVERSION = YES;
				CLANG_WARN_DIRECT_OBJC_ISA_USAGE = YES_ERROR;
				CLANG_WARN_EMPTY_BODY = YES;
				CLANG_WARN_ENUM_CONVERSION = YES;
				CLANG_WARN_INT_CONVERSION = YES;
				CLANG_WARN_OBJC_ROOT_CLASS = YES_ERROR;
				CLANG_WARN_UNREACHABLE_CODE = YES;
				CLANG_WARN__DUPLICATE_METHOD_MATCH = YES;
				"CODE_SIGN_IDENTITY[sdk=iphoneos*]" = "iPhone Developer";
				COPY_PHASE_STRIP = NO;
				DEBUG_INFORMATION_FORMAT = dwarf;
				ENABLE_STRICT_OBJC_MSGSEND = YES;
				ENABLE_TESTABILITY = YES;
				GCC_C_LANGUAGE_STANDARD = gnu99;
				GCC_DYNAMIC_NO_PIC = NO;
				GCC_NO_COMMON_BLOCKS = YES;
				GCC_OPTIMIZATION_LEVEL = 0;
				GCC_PREPROCESSOR_DEFINITIONS = (
					"DEBUG=1",
					"$(inherited)",
				);
				GCC_WARN_64_TO_32_BIT_CONVERSION = YES;
				GCC_WARN_ABOUT_RETURN_TYPE = YES_ERROR;
				GCC_WARN_UNDECLARED_SELECTOR = YES;
				GCC_WARN_UNINITIALIZED_AUTOS = YES_AGGRESSIVE;
				GCC_WARN_UNUSED_FUNCTION = YES;
				GCC_WARN_UNUSED_VARIABLE = YES;
				IPHONEOS_DEPLOYMENT_TARGET = 9.3;
				MTL_ENABLE_DEBUG_INFO = YES;
				ONLY_ACTIVE_ARCH = YES;
				SDKROOT = iphoneos;
				SWIFT_OPTIMIZATION_LEVEL = "-Onone";
			};
			name = Debug;
		};
		AF6964D51D76CA9F005FF098 /* Release */ = {
			isa = XCBuildConfiguration;
			buildSettings = {
				ALWAYS_SEARCH_USER_PATHS = NO;
				CLANG_ANALYZER_NONNULL = YES;
				CLANG_CXX_LANGUAGE_STANDARD = "gnu++0x";
				CLANG_CXX_LIBRARY = "libc++";
				CLANG_ENABLE_MODULES = YES;
				CLANG_ENABLE_OBJC_ARC = YES;
				CLANG_WARN_BOOL_CONVERSION = YES;
				CLANG_WARN_CONSTANT_CONVERSION = YES;
				CLANG_WARN_DIRECT_OBJC_ISA_USAGE = YES_ERROR;
				CLANG_WARN_EMPTY_BODY = YES;
				CLANG_WARN_ENUM_CONVERSION = YES;
				CLANG_WARN_INT_CONVERSION = YES;
				CLANG_WARN_OBJC_ROOT_CLASS = YES_ERROR;
				CLANG_WARN_UNREACHABLE_CODE = YES;
				CLANG_WARN__DUPLICATE_METHOD_MATCH = YES;
				"CODE_SIGN_IDENTITY[sdk=iphoneos*]" = "iPhone Developer";
				COPY_PHASE_STRIP = NO;
				DEBUG_INFORMATION_FORMAT = "dwarf-with-dsym";
				ENABLE_NS_ASSERTIONS = NO;
				ENABLE_STRICT_OBJC_MSGSEND = YES;
				GCC_C_LANGUAGE_STANDARD = gnu99;
				GCC_NO_COMMON_BLOCKS = YES;
				GCC_WARN_64_TO_32_BIT_CONVERSION = YES;
				GCC_WARN_ABOUT_RETURN_TYPE = YES_ERROR;
				GCC_WARN_UNDECLARED_SELECTOR = YES;
				GCC_WARN_UNINITIALIZED_AUTOS = YES_AGGRESSIVE;
				GCC_WARN_UNUSED_FUNCTION = YES;
				GCC_WARN_UNUSED_VARIABLE = YES;
				IPHONEOS_DEPLOYMENT_TARGET = 9.3;
				MTL_ENABLE_DEBUG_INFO = NO;
				SDKROOT = iphoneos;
				VALIDATE_PRODUCT = YES;
			};
			name = Release;
		};
		AF6964D71D76CA9F005FF098 /* Debug */ = {
			isa = XCBuildConfiguration;
			buildSettings = {
				ASSETCATALOG_COMPILER_APPICON_NAME = AppIcon;
				CLANG_ENABLE_MODULES = YES;
				ENABLE_BITCODE = NO;
				INFOPLIST_FILE = DZMeBookRead/Info.plist;
				IPHONEOS_DEPLOYMENT_TARGET = 7.1;
				LD_RUNPATH_SEARCH_PATHS = "$(inherited) @executable_path/Frameworks";
				OTHER_SWIFT_FLAGS = "-D DEBUG";
				PRODUCT_BUNDLE_IDENTIFIER = com.DZM.DZMeBookRead;
				PRODUCT_NAME = "$(TARGET_NAME)";
				SWIFT_OBJC_BRIDGING_HEADER = "DZMeBookRead/DZMeBookRead-Bridging-Header.h";
				SWIFT_OPTIMIZATION_LEVEL = "-Onone";
			};
			name = Debug;
		};
		AF6964D81D76CA9F005FF098 /* Release */ = {
			isa = XCBuildConfiguration;
			buildSettings = {
				ASSETCATALOG_COMPILER_APPICON_NAME = AppIcon;
				CLANG_ENABLE_MODULES = YES;
				ENABLE_BITCODE = NO;
				INFOPLIST_FILE = DZMeBookRead/Info.plist;
				IPHONEOS_DEPLOYMENT_TARGET = 7.1;
				LD_RUNPATH_SEARCH_PATHS = "$(inherited) @executable_path/Frameworks";
				OTHER_SWIFT_FLAGS = "-D DEBUG";
				PRODUCT_BUNDLE_IDENTIFIER = com.DZM.DZMeBookRead;
				PRODUCT_NAME = "$(TARGET_NAME)";
				SWIFT_OBJC_BRIDGING_HEADER = "DZMeBookRead/DZMeBookRead-Bridging-Header.h";
			};
			name = Release;
		};
		AF6964DA1D76CA9F005FF098 /* Debug */ = {
			isa = XCBuildConfiguration;
			buildSettings = {
				BUNDLE_LOADER = "$(TEST_HOST)";
				INFOPLIST_FILE = DZMeBookReadTests/Info.plist;
				LD_RUNPATH_SEARCH_PATHS = "$(inherited) @executable_path/Frameworks @loader_path/Frameworks";
				PRODUCT_BUNDLE_IDENTIFIER = com.DZM.DZMeBookReadTests;
				PRODUCT_NAME = "$(TARGET_NAME)";
				TEST_HOST = "$(BUILT_PRODUCTS_DIR)/DZMeBookRead.app/DZMeBookRead";
			};
			name = Debug;
		};
		AF6964DB1D76CA9F005FF098 /* Release */ = {
			isa = XCBuildConfiguration;
			buildSettings = {
				BUNDLE_LOADER = "$(TEST_HOST)";
				INFOPLIST_FILE = DZMeBookReadTests/Info.plist;
				LD_RUNPATH_SEARCH_PATHS = "$(inherited) @executable_path/Frameworks @loader_path/Frameworks";
				PRODUCT_BUNDLE_IDENTIFIER = com.DZM.DZMeBookReadTests;
				PRODUCT_NAME = "$(TARGET_NAME)";
				TEST_HOST = "$(BUILT_PRODUCTS_DIR)/DZMeBookRead.app/DZMeBookRead";
			};
			name = Release;
		};
		AF6964DD1D76CA9F005FF098 /* Debug */ = {
			isa = XCBuildConfiguration;
			buildSettings = {
				INFOPLIST_FILE = DZMeBookReadUITests/Info.plist;
				LD_RUNPATH_SEARCH_PATHS = "$(inherited) @executable_path/Frameworks @loader_path/Frameworks";
				PRODUCT_BUNDLE_IDENTIFIER = com.DZM.DZMeBookReadUITests;
				PRODUCT_NAME = "$(TARGET_NAME)";
				TEST_TARGET_NAME = DZMeBookRead;
			};
			name = Debug;
		};
		AF6964DE1D76CA9F005FF098 /* Release */ = {
			isa = XCBuildConfiguration;
			buildSettings = {
				INFOPLIST_FILE = DZMeBookReadUITests/Info.plist;
				LD_RUNPATH_SEARCH_PATHS = "$(inherited) @executable_path/Frameworks @loader_path/Frameworks";
				PRODUCT_BUNDLE_IDENTIFIER = com.DZM.DZMeBookReadUITests;
				PRODUCT_NAME = "$(TARGET_NAME)";
				TEST_TARGET_NAME = DZMeBookRead;
			};
			name = Release;
		};
/* End XCBuildConfiguration section */

/* Begin XCConfigurationList section */
		AF6964A91D76CA9F005FF098 /* Build configuration list for PBXProject "DZMeBookRead" */ = {
			isa = XCConfigurationList;
			buildConfigurations = (
				AF6964D41D76CA9F005FF098 /* Debug */,
				AF6964D51D76CA9F005FF098 /* Release */,
			);
			defaultConfigurationIsVisible = 0;
			defaultConfigurationName = Release;
		};
		AF6964D61D76CA9F005FF098 /* Build configuration list for PBXNativeTarget "DZMeBookRead" */ = {
			isa = XCConfigurationList;
			buildConfigurations = (
				AF6964D71D76CA9F005FF098 /* Debug */,
				AF6964D81D76CA9F005FF098 /* Release */,
			);
			defaultConfigurationIsVisible = 0;
			defaultConfigurationName = Release;
		};
		AF6964D91D76CA9F005FF098 /* Build configuration list for PBXNativeTarget "DZMeBookReadTests" */ = {
			isa = XCConfigurationList;
			buildConfigurations = (
				AF6964DA1D76CA9F005FF098 /* Debug */,
				AF6964DB1D76CA9F005FF098 /* Release */,
			);
			defaultConfigurationIsVisible = 0;
			defaultConfigurationName = Release;
		};
		AF6964DC1D76CA9F005FF098 /* Build configuration list for PBXNativeTarget "DZMeBookReadUITests" */ = {
			isa = XCConfigurationList;
			buildConfigurations = (
				AF6964DD1D76CA9F005FF098 /* Debug */,
				AF6964DE1D76CA9F005FF098 /* Release */,
			);
			defaultConfigurationIsVisible = 0;
			defaultConfigurationName = Release;
		};
/* End XCConfigurationList section */
	};
	rootObject = AF6964A61D76CA9F005FF098 /* Project object */;
}
